// !$*UTF8*$!
{
	archiveVersion = 1;
	classes = {
	};
	objectVersion = 46;
	objects = {

/* Begin PBXBuildFile section */
		0AA102541B2883F500C0B299 /* AppDelegate.swift in Sources */ = {isa = PBXBuildFile; fileRef = 0AA102531B2883F500C0B299 /* AppDelegate.swift */; };
		0AA102561B2883F500C0B299 /* ViewController.swift in Sources */ = {isa = PBXBuildFile; fileRef = 0AA102551B2883F500C0B299 /* ViewController.swift */; };
		0AA102591B2883F500C0B299 /* Main.storyboard in Resources */ = {isa = PBXBuildFile; fileRef = 0AA102571B2883F500C0B299 /* Main.storyboard */; };
		0AA1025B1B2883F500C0B299 /* Images.xcassets in Resources */ = {isa = PBXBuildFile; fileRef = 0AA1025A1B2883F500C0B299 /* Images.xcassets */; };
		0AA1025E1B2883F500C0B299 /* LaunchScreen.xib in Resources */ = {isa = PBXBuildFile; fileRef = 0AA1025C1B2883F500C0B299 /* LaunchScreen.xib */; };
		0AA1026A1B2883F500C0B299 /* SimpleHelloTests.swift in Sources */ = {isa = PBXBuildFile; fileRef = 0AA102691B2883F500C0B299 /* SimpleHelloTests.swift */; };
/* End PBXBuildFile section */

/* Begin PBXContainerItemProxy section */
		0AA102641B2883F500C0B299 /* PBXContainerItemProxy */ = {
			isa = PBXContainerItemProxy;
			containerPortal = 0AA102461B2883F500C0B299 /* Project object */;
			proxyType = 1;
			remoteGlobalIDString = 0AA1024D1B2883F500C0B299;
			remoteInfo = SimpleHello;
		};
/* End PBXContainerItemProxy section */

/* Begin PBXFileReference section */
		0AA1024E1B2883F500C0B299 /* SimpleHello.app */ = {isa = PBXFileReference; explicitFileType = wrapper.application; includeInIndex = 0; path = SimpleHello.app; sourceTree = BUILT_PRODUCTS_DIR; };
		0AA102521B2883F500C0B299 /* Info.plist */ = {isa = PBXFileReference; lastKnownFileType = text.plist.xml; path = Info.plist; sourceTree = "<group>"; };
		0AA102531B2883F500C0B299 /* AppDelegate.swift */ = {isa = PBXFileReference; lastKnownFileType = sourcecode.swift; path = AppDelegate.swift; sourceTree = "<group>"; };
		0AA102551B2883F500C0B299 /* ViewController.swift */ = {isa = PBXFileReference; lastKnownFileType = sourcecode.swift; path = ViewController.swift; sourceTree = "<group>"; };
		0AA102581B2883F500C0B299 /* Base */ = {isa = PBXFileReference; lastKnownFileType = file.storyboard; name = Base; path = Base.lproj/Main.storyboard; sourceTree = "<group>"; };
		0AA1025A1B2883F500C0B299 /* Images.xcassets */ = {isa = PBXFileReference; lastKnownFileType = folder.assetcatalog; path = Images.xcassets; sourceTree = "<group>"; };
		0AA1025D1B2883F500C0B299 /* Base */ = {isa = PBXFileReference; lastKnownFileType = file.xib; name = Base; path = Base.lproj/LaunchScreen.xib; sourceTree = "<group>"; };
		0AA102631B2883F500C0B299 /* SimpleHelloTests.xctest */ = {isa = PBXFileReference; explicitFileType = wrapper.cfbundle; includeInIndex = 0; path = SimpleHelloTests.xctest; sourceTree = BUILT_PRODUCTS_DIR; };
		0AA102681B2883F500C0B299 /* Info.plist */ = {isa = PBXFileReference; lastKnownFileType = text.plist.xml; path = Info.plist; sourceTree = "<group>"; };
		0AA102691B2883F500C0B299 /* SimpleHelloTests.swift */ = {isa = PBXFileReference; lastKnownFileType = sourcecode.swift; path = SimpleHelloTests.swift; sourceTree = "<group>"; };
/* End PBXFileReference section */

/* Begin PBXFrameworksBuildPhase section */
		0AA1024B1B2883F500C0B299 /* Frameworks */ = {
			isa = PBXFrameworksBuildPhase;
			buildActionMask = 2147483647;
			files = (
			);
			runOnlyForDeploymentPostprocessing = 0;
		};
		0AA102601B2883F500C0B299 /* Frameworks */ = {
			isa = PBXFrameworksBuildPhase;
			buildActionMask = 2147483647;
			files = (
			);
			runOnlyForDeploymentPostprocessing = 0;
		};
/* End PBXFrameworksBuildPhase section */

/* Begin PBXGroup section */
		0AA102451B2883F500C0B299 = {
			isa = PBXGroup;
			children = (
				0AA102501B2883F500C0B299 /* SimpleHello */,
				0AA102661B2883F500C0B299 /* SimpleHelloTests */,
				0AA1024F1B2883F500C0B299 /* Products */,
			);
			sourceTree = "<group>";
		};
		0AA1024F1B2883F500C0B299 /* Products */ = {
			isa = PBXGroup;
			children = (
				0AA1024E1B2883F500C0B299 /* SimpleHello.app */,
				0AA102631B2883F500C0B299 /* SimpleHelloTests.xctest */,
			);
			name = Products;
			sourceTree = "<group>";
		};
		0AA102501B2883F500C0B299 /* SimpleHello */ = {
			isa = PBXGroup;
			children = (
				0AA102531B2883F500C0B299 /* AppDelegate.swift */,
				0AA102551B2883F500C0B299 /* ViewController.swift */,
				0AA102571B2883F500C0B299 /* Main.storyboard */,
				0AA1025A1B2883F500C0B299 /* Images.xcassets */,
				0AA1025C1B2883F500C0B299 /* LaunchScreen.xib */,
				0AA102511B2883F500C0B299 /* Supporting Files */,
			);
			path = SimpleHello;
			sourceTree = "<group>";
		};
		0AA102511B2883F500C0B299 /* Supporting Files */ = {
			isa = PBXGroup;
			children = (
				0AA102521B2883F500C0B299 /* Info.plist */,
			);
			name = "Supporting Files";
			sourceTree = "<group>";
		};
		0AA102661B2883F500C0B299 /* SimpleHelloTests */ = {
			isa = PBXGroup;
			children = (
				0AA102691B2883F500C0B299 /* SimpleHelloTests.swift */,
				0AA102671B2883F500C0B299 /* Supporting Files */,
			);
			path = SimpleHelloTests;
			sourceTree = "<group>";
		};
		0AA102671B2883F500C0B299 /* Supporting Files */ = {
			isa = PBXGroup;
			children = (
				0AA102681B2883F500C0B299 /* Info.plist */,
			);
			name = "Supporting Files";
			sourceTree = "<group>";
		};
/* End PBXGroup section */

/* Begin PBXNativeTarget section */
		0AA1024D1B2883F500C0B299 /* SimpleHello */ = {
			isa = PBXNativeTarget;
			buildConfigurationList = 0AA1026D1B2883F500C0B299 /* Build configuration list for PBXNativeTarget "SimpleHello" */;
			buildPhases = (
				0AA1024A1B2883F500C0B299 /* Sources */,
				0AA1024B1B2883F500C0B299 /* Frameworks */,
				0AA1024C1B2883F500C0B299 /* Resources */,
			);
			buildRules = (
			);
			dependencies = (
			);
			name = SimpleHello;
			productName = SimpleHello;
			productReference = 0AA1024E1B2883F500C0B299 /* SimpleHello.app */;
			productType = "com.apple.product-type.application";
		};
		0AA102621B2883F500C0B299 /* SimpleHelloTests */ = {
			isa = PBXNativeTarget;
			buildConfigurationList = 0AA102701B2883F500C0B299 /* Build configuration list for PBXNativeTarget "SimpleHelloTests" */;
			buildPhases = (
				0AA1025F1B2883F500C0B299 /* Sources */,
				0AA102601B2883F500C0B299 /* Frameworks */,
				0AA102611B2883F500C0B299 /* Resources */,
			);
			buildRules = (
			);
			dependencies = (
				0AA102651B2883F500C0B299 /* PBXTargetDependency */,
			);
			name = SimpleHelloTests;
			productName = SimpleHelloTests;
			productReference = 0AA102631B2883F500C0B299 /* SimpleHelloTests.xctest */;
			productType = "com.apple.product-type.bundle.unit-test";
		};
/* End PBXNativeTarget section */

/* Begin PBXProject section */
		0AA102461B2883F500C0B299 /* Project object */ = {
			isa = PBXProject;
			attributes = {
				LastSwiftUpdateCheck = 0700;
				LastUpgradeCheck = 0630;
				ORGANIZATIONNAME = kevinzhow;
				TargetAttributes = {
					0AA1024D1B2883F500C0B299 = {
						CreatedOnToolsVersion = 6.3.2;
						LastSwiftMigration = 1010;
					};
					0AA102621B2883F500C0B299 = {
						CreatedOnToolsVersion = 6.3.2;
						LastSwiftMigration = 1010;
						TestTargetID = 0AA1024D1B2883F500C0B299;
					};
				};
			};
			buildConfigurationList = 0AA102491B2883F500C0B299 /* Build configuration list for PBXProject "SimpleHello" */;
			compatibilityVersion = "Xcode 3.2";
			developmentRegion = English;
			hasScannedForEncodings = 0;
			knownRegions = (
				en,
				Base,
			);
			mainGroup = 0AA102451B2883F500C0B299;
			productRefGroup = 0AA1024F1B2883F500C0B299 /* Products */;
			projectDirPath = "";
			projectRoot = "";
			targets = (
				0AA1024D1B2883F500C0B299 /* SimpleHello */,
				0AA102621B2883F500C0B299 /* SimpleHelloTests */,
			);
		};
/* End PBXProject section */

/* Begin PBXResourcesBuildPhase section */
		0AA1024C1B2883F500C0B299 /* Resources */ = {
			isa = PBXResourcesBuildPhase;
			buildActionMask = 2147483647;
			files = (
				0AA102591B2883F500C0B299 /* Main.storyboard in Resources */,
				0AA1025E1B2883F500C0B299 /* LaunchScreen.xib in Resources */,
				0AA1025B1B2883F500C0B299 /* Images.xcassets in Resources */,
			);
			runOnlyForDeploymentPostprocessing = 0;
		};
		0AA102611B2883F500C0B299 /* Resources */ = {
			isa = PBXResourcesBuildPhase;
			buildActionMask = 2147483647;
			files = (
			);
			runOnlyForDeploymentPostprocessing = 0;
		};
/* End PBXResourcesBuildPhase section */

/* Begin PBXSourcesBuildPhase section */
		0AA1024A1B2883F500C0B299 /* Sources */ = {
			isa = PBXSourcesBuildPhase;
			buildActionMask = 2147483647;
			files = (
				0AA102561B2883F500C0B299 /* ViewController.swift in Sources */,
				0AA102541B2883F500C0B299 /* AppDelegate.swift in Sources */,
			);
			runOnlyForDeploymentPostprocessing = 0;
		};
		0AA1025F1B2883F500C0B299 /* Sources */ = {
			isa = PBXSourcesBuildPhase;
			buildActionMask = 2147483647;
			files = (
				0AA1026A1B2883F500C0B299 /* SimpleHelloTests.swift in Sources */,
			);
			runOnlyForDeploymentPostprocessing = 0;
		};
/* End PBXSourcesBuildPhase section */

/* Begin PBXTargetDependency section */
		0AA102651B2883F500C0B299 /* PBXTargetDependency */ = {
			isa = PBXTargetDependency;
			target = 0AA1024D1B2883F500C0B299 /* SimpleHello */;
			targetProxy = 0AA102641B2883F500C0B299 /* PBXContainerItemProxy */;
		};
/* End PBXTargetDependency section */

/* Begin PBXVariantGroup section */
		0AA102571B2883F500C0B299 /* Main.storyboard */ = {
			isa = PBXVariantGroup;
			children = (
				0AA102581B2883F500C0B299 /* Base */,
			);
			name = Main.storyboard;
			sourceTree = "<group>";
		};
		0AA1025C1B2883F500C0B299 /* LaunchScreen.xib */ = {
			isa = PBXVariantGroup;
			children = (
				0AA1025D1B2883F500C0B299 /* Base */,
			);
			name = LaunchScreen.xib;
			sourceTree = "<group>";
		};
/* End PBXVariantGroup section */

/* Begin XCBuildConfiguration section */
		0AA1026B1B2883F500C0B299 /* Debug */ = {
			isa = XCBuildConfiguration;
			buildSettings = {
				ALWAYS_SEARCH_USER_PATHS = NO;
				CLANG_CXX_LANGUAGE_STANDARD = "gnu++0x";
				CLANG_CXX_LIBRARY = "libc++";
				CLANG_ENABLE_MODULES = YES;
				CLANG_ENABLE_OBJC_ARC = YES;
				CLANG_WARN_BOOL_CONVERSION = YES;
				CLANG_WARN_CONSTANT_CONVERSION = YES;
				CLANG_WARN_DIRECT_OBJC_ISA_USAGE = YES_ERROR;
				CLANG_WARN_EMPTY_BODY = YES;
				CLANG_WARN_ENUM_CONVERSION = YES;
				CLANG_WARN_INT_CONVERSION = YES;
				CLANG_WARN_OBJC_ROOT_CLASS = YES_ERROR;
				CLANG_WARN_UNREACHABLE_CODE = YES;
				CLANG_WARN__DUPLICATE_METHOD_MATCH = YES;
				"CODE_SIGN_IDENTITY[sdk=iphoneos*]" = "iPhone Developer";
				COPY_PHASE_STRIP = NO;
				DEBUG_INFORMATION_FORMAT = "dwarf-with-dsym";
				ENABLE_STRICT_OBJC_MSGSEND = YES;
				GCC_C_LANGUAGE_STANDARD = gnu99;
				GCC_DYNAMIC_NO_PIC = NO;
				GCC_NO_COMMON_BLOCKS = YES;
				GCC_OPTIMIZATION_LEVEL = 0;
				GCC_PREPROCESSOR_DEFINITIONS = (
					"DEBUG=1",
					"$(inherited)",
				);
				GCC_SYMBOLS_PRIVATE_EXTERN = NO;
				GCC_WARN_64_TO_32_BIT_CONVERSION = YES;
				GCC_WARN_ABOUT_RETURN_TYPE = YES_ERROR;
				GCC_WARN_UNDECLARED_SELECTOR = YES;
				GCC_WARN_UNINITIALIZED_AUTOS = YES_AGGRESSIVE;
				GCC_WARN_UNUSED_FUNCTION = YES;
				GCC_WARN_UNUSED_VARIABLE = YES;
				IPHONEOS_DEPLOYMENT_TARGET = 8.3;
				MTL_ENABLE_DEBUG_INFO = YES;
				ONLY_ACTIVE_ARCH = YES;
				SDKROOT = iphoneos;
				SWIFT_OPTIMIZATION_LEVEL = "-Onone";
				TARGETED_DEVICE_FAMILY = "1,2";
			};
			name = Debug;
		};
		0AA1026C1B2883F500C0B299 /* Release */ = {
			isa = XCBuildConfiguration;
			buildSettings = {
				ALWAYS_SEARCH_USER_PATHS = NO;
				CLANG_CXX_LANGUAGE_STANDARD = "gnu++0x";
				CLANG_CXX_LIBRARY = "libc++";
				CLANG_ENABLE_MODULES = YES;
				CLANG_ENABLE_OBJC_ARC = YES;
				CLANG_WARN_BOOL_CONVERSION = YES;
				CLANG_WARN_CONSTANT_CONVERSION = YES;
				CLANG_WARN_DIRECT_OBJC_ISA_USAGE = YES_ERROR;
				CLANG_WARN_EMPTY_BODY = YES;
				CLANG_WARN_ENUM_CONVERSION = YES;
				CLANG_WARN_INT_CONVERSION = YES;
				CLANG_WARN_OBJC_ROOT_CLASS = YES_ERROR;
				CLANG_WARN_UNREACHABLE_CODE = YES;
				CLANG_WARN__DUPLICATE_METHOD_MATCH = YES;
				"CODE_SIGN_IDENTITY[sdk=iphoneos*]" = "iPhone Developer";
				COPY_PHASE_STRIP = NO;
				DEBUG_INFORMATION_FORMAT = "dwarf-with-dsym";
				ENABLE_NS_ASSERTIONS = NO;
				ENABLE_STRICT_OBJC_MSGSEND = YES;
				GCC_C_LANGUAGE_STANDARD = gnu99;
				GCC_NO_COMMON_BLOCKS = YES;
				GCC_WARN_64_TO_32_BIT_CONVERSION = YES;
				GCC_WARN_ABOUT_RETURN_TYPE = YES_ERROR;
				GCC_WARN_UNDECLARED_SELECTOR = YES;
				GCC_WARN_UNINITIALIZED_AUTOS = YES_AGGRESSIVE;
				GCC_WARN_UNUSED_FUNCTION = YES;
				GCC_WARN_UNUSED_VARIABLE = YES;
				IPHONEOS_DEPLOYMENT_TARGET = 8.3;
				MTL_ENABLE_DEBUG_INFO = NO;
				SDKROOT = iphoneos;
				TARGETED_DEVICE_FAMILY = "1,2";
				VALIDATE_PRODUCT = YES;
			};
			name = Release;
		};
		0AA1026E1B2883F500C0B299 /* Debug */ = {
			isa = XCBuildConfiguration;
			buildSettings = {
				ASSETCATALOG_COMPILER_APPICON_NAME = AppIcon;
				INFOPLIST_FILE = SimpleHello/Info.plist;
				LD_RUNPATH_SEARCH_PATHS = "$(inherited) @executable_path/Frameworks";
				PRODUCT_NAME = "$(TARGET_NAME)";
				SWIFT_SWIFT3_OBJC_INFERENCE = On;
				SWIFT_VERSION = 4.2;
			};
			name = Debug;
		};
		0AA1026F1B2883F500C0B299 /* Release */ = {
			isa = XCBuildConfiguration;
			buildSettings = {
				ASSETCATALOG_COMPILER_APPICON_NAME = AppIcon;
				INFOPLIST_FILE = SimpleHello/Info.plist;
				LD_RUNPATH_SEARCH_PATHS = "$(inherited) @executable_path/Frameworks";
				PRODUCT_NAME = "$(TARGET_NAME)";
				SWIFT_SWIFT3_OBJC_INFERENCE = On;
				SWIFT_VERSION = 4.2;
			};
			name = Release;
		};
		0AA102711B2883F500C0B299 /* Debug */ = {
			isa = XCBuildConfiguration;
			buildSettings = {
				BUNDLE_LOADER = "$(TEST_HOST)";
				FRAMEWORK_SEARCH_PATHS = (
					"$(SDKROOT)/Developer/Library/Frameworks",
					"$(inherited)",
				);
				GCC_PREPROCESSOR_DEFINITIONS = (
					"DEBUG=1",
					"$(inherited)",
				);
				INFOPLIST_FILE = SimpleHelloTests/Info.plist;
				LD_RUNPATH_SEARCH_PATHS = "$(inherited) @executable_path/Frameworks @loader_path/Frameworks";
				PRODUCT_NAME = "$(TARGET_NAME)";
				SWIFT_SWIFT3_OBJC_INFERENCE = On;
				SWIFT_VERSION = 4.2;
				TEST_HOST = "$(BUILT_PRODUCTS_DIR)/SimpleHello.app/SimpleHello";
			};
			name = Debug;
		};
		0AA102721B2883F500C0B299 /* Release */ = {
			isa = XCBuildConfiguration;
			buildSettings = {
				BUNDLE_LOADER = "$(TEST_HOST)";
				FRAMEWORK_SEARCH_PATHS = (
					"$(SDKROOT)/Developer/Library/Frameworks",
					"$(inherited)",
				);
				INFOPLIST_FILE = SimpleHelloTests/Info.plist;
				LD_RUNPATH_SEARCH_PATHS = "$(inherited) @executable_path/Frameworks @loader_path/Frameworks";
				PRODUCT_NAME = "$(TARGET_NAME)";
				SWIFT_SWIFT3_OBJC_INFERENCE = On;
				SWIFT_VERSION = 4.2;
				TEST_HOST = "$(BUILT_PRODUCTS_DIR)/SimpleHello.app/SimpleHello";
			};
			name = Release;
		};
/* End XCBuildConfiguration section */

/* Begin XCConfigurationList section */
		0AA102491B2883F500C0B299 /* Build configuration list for PBXProject "SimpleHello" */ = {
			isa = XCConfigurationList;
			buildConfigurations = (
				0AA1026B1B2883F500C0B299 /* Debug */,
				0AA1026C1B2883F500C0B299 /* Release */,
			);
			defaultConfigurationIsVisible = 0;
			defaultConfigurationName = Release;
		};
		0AA1026D1B2883F500C0B299 /* Build configuration list for PBXNativeTarget "SimpleHello" */ = {
			isa = XCConfigurationList;
			buildConfigurations = (
				0AA1026E1B2883F500C0B299 /* Debug */,
				0AA1026F1B2883F500C0B299 /* Release */,
			);
			defaultConfigurationIsVisible = 0;
			defaultConfigurationName = Release;
		};
		0AA102701B2883F500C0B299 /* Build configuration list for PBXNativeTarget "SimpleHelloTests" */ = {
			isa = XCConfigurationList;
			buildConfigurations = (
				0AA102711B2883F500C0B299 /* Debug */,
				0AA102721B2883F500C0B299 /* Release */,
			);
			defaultConfigurationIsVisible = 0;
			defaultConfigurationName = Release;
		};
/* End XCConfigurationList section */
	};
	rootObject = 0AA102461B2883F500C0B299 /* Project object */;
}
