// !$*UTF8*$!
{
	archiveVersion = 1;
	classes = {
	};
	objectVersion = 46;
	objects = {

/* Begin PBXBuildFile section */
		6A10DD811BD919200070252C /* AppDelegate.swift in Sources */ = {isa = PBXBuildFile; fileRef = 6A10DD801BD919200070252C /* AppDelegate.swift */; };
		6A10DD831BD919200070252C /* ViewController.swift in Sources */ = {isa = PBXBuildFile; fileRef = 6A10DD821BD919200070252C /* ViewController.swift */; };
		6A10DD861BD919200070252C /* Main.storyboard in Resources */ = {isa = PBXBuildFile; fileRef = 6A10DD841BD919200070252C /* Main.storyboard */; };
		6A10DD881BD919200070252C /* Assets.xcassets in Resources */ = {isa = PBXBuildFile; fileRef = 6A10DD871BD919200070252C /* Assets.xcassets */; };
		6A10DD8B1BD919200070252C /* LaunchScreen.storyboard in Resources */ = {isa = PBXBuildFile; fileRef = 6A10DD891BD919200070252C /* LaunchScreen.storyboard */; };
/* End PBXBuildFile section */

/* Begin PBXFileReference section */
		6A10DD7D1BD919200070252C /* What is iOS App.app */ = {isa = PBXFileReference; explicitFileType = wrapper.application; includeInIndex = 0; path = "What is iOS App.app"; sourceTree = BUILT_PRODUCTS_DIR; };
		6A10DD801BD919200070252C /* AppDelegate.swift */ = {isa = PBXFileReference; lastKnownFileType = sourcecode.swift; path = AppDelegate.swift; sourceTree = "<group>"; };
		6A10DD821BD919200070252C /* ViewController.swift */ = {isa = PBXFileReference; lastKnownFileType = sourcecode.swift; path = ViewController.swift; sourceTree = "<group>"; };
		6A10DD851BD919200070252C /* Base */ = {isa = PBXFileReference; lastKnownFileType = file.storyboard; name = Base; path = Base.lproj/Main.storyboard; sourceTree = "<group>"; };
		6A10DD871BD919200070252C /* Assets.xcassets */ = {isa = PBXFileReference; lastKnownFileType = folder.assetcatalog; path = Assets.xcassets; sourceTree = "<group>"; };
		6A10DD8A1BD919200070252C /* Base */ = {isa = PBXFileReference; lastKnownFileType = file.storyboard; name = Base; path = Base.lproj/LaunchScreen.storyboard; sourceTree = "<group>"; };
		6A10DD8C1BD919200070252C /* Info.plist */ = {isa = PBXFileReference; lastKnownFileType = text.plist.xml; path = Info.plist; sourceTree = "<group>"; };
/* End PBXFileReference section */

/* Begin PBXFrameworksBuildPhase section */
		6A10DD7A1BD919200070252C /* Frameworks */ = {
			isa = PBXFrameworksBuildPhase;
			buildActionMask = 2147483647;
			files = (
			);
			runOnlyForDeploymentPostprocessing = 0;
		};
/* End PBXFrameworksBuildPhase section */

/* Begin PBXGroup section */
		6A10DD741BD919200070252C = {
			isa = PBXGroup;
			children = (
				6A10DD7F1BD919200070252C /* What is iOS App */,
				6A10DD7E1BD919200070252C /* Products */,
			);
			sourceTree = "<group>";
		};
		6A10DD7E1BD919200070252C /* Products */ = {
			isa = PBXGroup;
			children = (
				6A10DD7D1BD919200070252C /* What is iOS App.app */,
			);
			name = Products;
			sourceTree = "<group>";
		};
		6A10DD7F1BD919200070252C /* What is iOS App */ = {
			isa = PBXGroup;
			children = (
				6A10DD801BD919200070252C /* AppDelegate.swift */,
				6A10DD821BD919200070252C /* ViewController.swift */,
				6A10DD841BD919200070252C /* Main.storyboard */,
				6A10DD871BD919200070252C /* Assets.xcassets */,
				6A10DD891BD919200070252C /* LaunchScreen.storyboard */,
				6A10DD8C1BD919200070252C /* Info.plist */,
			);
			path = "What is iOS App";
			sourceTree = "<group>";
		};
/* End PBXGroup section */

/* Begin PBXNativeTarget section */
		6A10DD7C1BD919200070252C /* What is iOS App */ = {
			isa = PBXNativeTarget;
			buildConfigurationList = 6A10DD8F1BD919200070252C /* Build configuration list for PBXNativeTarget "What is iOS App" */;
			buildPhases = (
				6A10DD791BD919200070252C /* Sources */,
				6A10DD7A1BD919200070252C /* Frameworks */,
				6A10DD7B1BD919200070252C /* Resources */,
			);
			buildRules = (
			);
			dependencies = (
			);
			name = "What is iOS App";
			productName = "What is iOS App";
			productReference = 6A10DD7D1BD919200070252C /* What is iOS App.app */;
			productType = "com.apple.product-type.application";
		};
/* End PBXNativeTarget section */

/* Begin PBXProject section */
		6A10DD751BD919200070252C /* Project object */ = {
			isa = PBXProject;
			attributes = {
				LastSwiftUpdateCheck = 0710;
				LastUpgradeCheck = 0710;
				ORGANIZATIONNAME = zhowkevin;
				TargetAttributes = {
					6A10DD7C1BD919200070252C = {
						CreatedOnToolsVersion = 7.1;
					};
				};
			};
			buildConfigurationList = 6A10DD781BD919200070252C /* Build configuration list for PBXProject "What is iOS App" */;
			compatibilityVersion = "Xcode 3.2";
			developmentRegion = English;
			hasScannedForEncodings = 0;
			knownRegions = (
				en,
				Base,
			);
			mainGroup = 6A10DD741BD919200070252C;
			productRefGroup = 6A10DD7E1BD919200070252C /* Products */;
			projectDirPath = "";
			projectRoot = "";
			targets = (
				6A10DD7C1BD919200070252C /* What is iOS App */,
			);
		};
/* End PBXProject section */

/* Begin PBXResourcesBuildPhase section */
		6A10DD7B1BD919200070252C /* Resources */ = {
			isa = PBXResourcesBuildPhase;
			buildActionMask = 2147483647;
			files = (
				6A10DD8B1BD919200070252C /* LaunchScreen.storyboard in Resources */,
				6A10DD881BD919200070252C /* Assets.xcassets in Resources */,
				6A10DD861BD919200070252C /* Main.storyboard in Resources */,
			);
			runOnlyForDeploymentPostprocessing = 0;
		};
/* End PBXResourcesBuildPhase section */

/* Begin PBXSourcesBuildPhase section */
		6A10DD791BD919200070252C /* Sources */ = {
			isa = PBXSourcesBuildPhase;
			buildActionMask = 2147483647;
			files = (
				6A10DD831BD919200070252C /* ViewController.swift in Sources */,
				6A10DD811BD919200070252C /* AppDelegate.swift in Sources */,
			);
			runOnlyForDeploymentPostprocessing = 0;
		};
/* End PBXSourcesBuildPhase section */

/* Begin PBXVariantGroup section */
		6A10DD841BD919200070252C /* Main.storyboard */ = {
			isa = PBXVariantGroup;
			children = (
				6A10DD851BD919200070252C /* Base */,
			);
			name = Main.storyboard;
			sourceTree = "<group>";
		};
		6A10DD891BD919200070252C /* LaunchScreen.storyboard */ = {
			isa = PBXVariantGroup;
			children = (
				6A10DD8A1BD919200070252C /* Base */,
			);
			name = LaunchScreen.storyboard;
			sourceTree = "<group>";
		};
/* End PBXVariantGroup section */

/* Begin XCBuildConfiguration section */
		6A10DD8D1BD919200070252C /* Debug */ = {
			isa = XCBuildConfiguration;
			buildSettings = {
				ALWAYS_SEARCH_USER_PATHS = NO;
				CLANG_CXX_LANGUAGE_STANDARD = "gnu++0x";
				CLANG_CXX_LIBRARY = "libc++";
				CLANG_ENABLE_MODULES = YES;
				CLANG_ENABLE_OBJC_ARC = YES;
				CLANG_WARN_BOOL_CONVERSION = YES;
				CLANG_WARN_CONSTANT_CONVERSION = YES;
				CLANG_WARN_DIRECT_OBJC_ISA_USAGE = YES_ERROR;
				CLANG_WARN_EMPTY_BODY = YES;
				CLANG_WARN_ENUM_CONVERSION = YES;
				CLANG_WARN_INT_CONVERSION = YES;
				CLANG_WARN_OBJC_ROOT_CLASS = YES_ERROR;
				CLANG_WARN_UNREACHABLE_CODE = YES;
				CLANG_WARN__DUPLICATE_METHOD_MATCH = YES;
				"CODE_SIGN_IDENTITY[sdk=iphoneos*]" = "iPhone Developer";
				COPY_PHASE_STRIP = NO;
				DEBUG_INFORMATION_FORMAT = dwarf;
				ENABLE_STRICT_OBJC_MSGSEND = YES;
				ENABLE_TESTABILITY = YES;
				GCC_C_LANGUAGE_STANDARD = gnu99;
				GCC_DYNAMIC_NO_PIC = NO;
				GCC_NO_COMMON_BLOCKS = YES;
				GCC_OPTIMIZATION_LEVEL = 0;
				GCC_PREPROCESSOR_DEFINITIONS = (
					"DEBUG=1",
					"$(inherited)",
				);
				GCC_WARN_64_TO_32_BIT_CONVERSION = YES;
				GCC_WARN_ABOUT_RETURN_TYPE = YES_ERROR;
				GCC_WARN_UNDECLARED_SELECTOR = YES;
				GCC_WARN_UNINITIALIZED_AUTOS = YES_AGGRESSIVE;
				GCC_WARN_UNUSED_FUNCTION = YES;
				GCC_WARN_UNUSED_VARIABLE = YES;
				IPHONEOS_DEPLOYMENT_TARGET = 9.1;
				MTL_ENABLE_DEBUG_INFO = YES;
				ONLY_ACTIVE_ARCH = YES;
				SDKROOT = iphoneos;
				SWIFT_OPTIMIZATION_LEVEL = "-Onone";
			};
			name = Debug;
		};
		6A10DD8E1BD919200070252C /* Release */ = {
			isa = XCBuildConfiguration;
			buildSettings = {
				ALWAYS_SEARCH_USER_PATHS = NO;
				CLANG_CXX_LANGUAGE_STANDARD = "gnu++0x";
				CLANG_CXX_LIBRARY = "libc++";
				CLANG_ENABLE_MODULES = YES;
				CLANG_ENABLE_OBJC_ARC = YES;
				CLANG_WARN_BOOL_CONVERSION = YES;
				CLANG_WARN_CONSTANT_CONVERSION = YES;
				CLANG_WARN_DIRECT_OBJC_ISA_USAGE = YES_ERROR;
				CLANG_WARN_EMPTY_BODY = YES;
				CLANG_WARN_ENUM_CONVERSION = YES;
				CLANG_WARN_INT_CONVERSION = YES;
				CLANG_WARN_OBJC_ROOT_CLASS = YES_ERROR;
				CLANG_WARN_UNREACHABLE_CODE = YES;
				CLANG_WARN__DUPLICATE_METHOD_MATCH = YES;
				"CODE_SIGN_IDENTITY[sdk=iphoneos*]" = "iPhone Developer";
				COPY_PHASE_STRIP = NO;
				DEBUG_INFORMATION_FORMAT = "dwarf-with-dsym";
				ENABLE_NS_ASSERTIONS = NO;
				ENABLE_STRICT_OBJC_MSGSEND = YES;
				GCC_C_LANGUAGE_STANDARD = gnu99;
				GCC_NO_COMMON_BLOCKS = YES;
				GCC_WARN_64_TO_32_BIT_CONVERSION = YES;
				GCC_WARN_ABOUT_RETURN_TYPE = YES_ERROR;
				GCC_WARN_UNDECLARED_SELECTOR = YES;
				GCC_WARN_UNINITIALIZED_AUTOS = YES_AGGRESSIVE;
				GCC_WARN_UNUSED_FUNCTION = YES;
				GCC_WARN_UNUSED_VARIABLE = YES;
				IPHONEOS_DEPLOYMENT_TARGET = 9.1;
				MTL_ENABLE_DEBUG_INFO = NO;
				SDKROOT = iphoneos;
				VALIDATE_PRODUCT = YES;
			};
			name = Release;
		};
		6A10DD901BD919200070252C /* Debug */ = {
			isa = XCBuildConfiguration;
			buildSettings = {
				ASSETCATALOG_COMPILER_APPICON_NAME = AppIcon;
				INFOPLIST_FILE = "What is iOS App/Info.plist";
				LD_RUNPATH_SEARCH_PATHS = "$(inherited) @executable_path/Frameworks";
				PRODUCT_BUNDLE_IDENTIFIER = "kevinzhow.What-is-iOS-App";
				PRODUCT_NAME = "$(TARGET_NAME)";
			};
			name = Debug;
		};
		6A10DD911BD919200070252C /* Release */ = {
			isa = XCBuildConfiguration;
			buildSettings = {
				ASSETCATALOG_COMPILER_APPICON_NAME = AppIcon;
				INFOPLIST_FILE = "What is iOS App/Info.plist";
				LD_RUNPATH_SEARCH_PATHS = "$(inherited) @executable_path/Frameworks";
				PRODUCT_BUNDLE_IDENTIFIER = "kevinzhow.What-is-iOS-App";
				PRODUCT_NAME = "$(TARGET_NAME)";
			};
			name = Release;
		};
/* End XCBuildConfiguration section */

/* Begin XCConfigurationList section */
		6A10DD781BD919200070252C /* Build configuration list for PBXProject "What is iOS App" */ = {
			isa = XCConfigurationList;
			buildConfigurations = (
				6A10DD8D1BD919200070252C /* Debug */,
				6A10DD8E1BD919200070252C /* Release */,
			);
			defaultConfigurationIsVisible = 0;
			defaultConfigurationName = Release;
		};
		6A10DD8F1BD919200070252C /* Build configuration list for PBXNativeTarget "What is iOS App" */ = {
			isa = XCConfigurationList;
			buildConfigurations = (
				6A10DD901BD919200070252C /* Debug */,
				6A10DD911BD919200070252C /* Release */,
			);
			defaultConfigurationIsVisible = 0;
		};
/* End XCConfigurationList section */
	};
	rootObject = 6A10DD751BD919200070252C /* Project object */;
}
